# THIS IS AN AUTOGENERATED FILE. DO NOT EDIT THIS FILE DIRECTLY.
# yarn lockfile v1


axios@^0.16.2:
  version "0.16.2"
  resolved "https://registry.yarnpkg.com/axios/-/axios-0.16.2.tgz#ba4f92f17167dfbab40983785454b9ac149c3c6d"
  dependencies:
    follow-redirects "^1.2.3"
    is-buffer "^1.1.5"

biskviit@1.0.1:
  version "1.0.1"
  resolved "https://registry.yarnpkg.com/biskviit/-/biskviit-1.0.1.tgz#037a0cd4b71b9e331fd90a1122de17dc49e420a7"
  dependencies:
    psl "^1.1.7"

debug@^2.4.5:
  version "2.6.8"
  resolved "https://registry.yarnpkg.com/debug/-/debug-2.6.8.tgz#e731531ca2ede27d188222427da17821d68ff4fc"
  dependencies:
    ms "2.0.0"

encoding@0.1.12:
  version "0.1.12"
  resolved "https://registry.yarnpkg.com/encoding/-/encoding-0.1.12.tgz#538b66f3ee62cd1ab51ec323829d1f9480c74beb"
  dependencies:
    iconv-lite "~0.4.13"

fetch@^1.1.0:
  version "1.1.0"
  resolved "https://registry.yarnpkg.com/fetch/-/fetch-1.1.0.tgz#0a8279f06be37f9f0ebb567560a30a480da59a2e"
  dependencies:
    biskviit "1.0.1"
    encoding "0.1.12"

follow-redirects@^1.2.3:
  version "1.2.3"
  resolved "https://registry.yarnpkg.com/follow-redirects/-/follow-redirects-1.2.3.tgz#01abaeca85e3609837d9fcda3167a7e42fdaca21"
  dependencies:
    debug "^2.4.5"

iconv-lite@~0.4.13:
  version "0.4.17"
  resolved "https://registry.yarnpkg.com/iconv-lite/-/iconv-lite-0.4.17.tgz#4fdaa3b38acbc2c031b045d0edcdfe1ecab18c8d"

is-buffer@^1.1.5:
  version "1.1.5"
  resolved "https://registry.yarnpkg.com/is-buffer/-/is-buffer-1.1.5.tgz#1f3b26ef613b214b88cbca23cc6c01d87961eecc"

ms@2.0.0:
  version "2.0.0"
  resolved "https://registry.yarnpkg.com/ms/-/ms-2.0.0.tgz#5608aeadfc00be6c2901df5f9861788de0d597c8"

psl@^1.1.7:
  version "1.1.18"
  resolved "https://registry.yarnpkg.com/psl/-/psl-1.1.18.tgz#a8f2f5465a01e8acce4ff2d72342b05c7b507d90"
